{
  "version": 4,
  "terraform_version": "1.2.5",
  "serial": 524,
  "lineage": "80cf97b8-8787-6d40-d691-d643acc1f3ad",
  "outputs": {},
  "resources": [
    {
      "module": "module.cloudfront",
      "mode": "data",
      "type": "aws_caller_identity",
      "name": "current",
      "provider": "provider[\"registry.terraform.io/hashicorp/aws\"]",
      "instances": [
        {
          "schema_version": 0,
          "attributes": {
            "account_id": "657781325590",
            "arn": "arn:aws:iam::657781325590:user/josuebustos",
            "id": "657781325590",
            "user_id": "AIDAZSJWSP4LKNCQ6O4TY"
          },
          "sensitive_attributes": []
        }
      ]
    },
    {
      "module": "module.cloudfront",
      "mode": "data",
      "type": "aws_iam_policy_document",
      "name": "s3_policy",
      "provider": "provider[\"registry.terraform.io/hashicorp/aws\"]",
      "instances": [
        {
          "schema_version": 0,
          "attributes": {
            "id": "1913739564",
            "json": "{\n  \"Version\": \"2012-10-17\",\n  \"Statement\": [\n    {\n      \"Sid\": \"allow-s3-bucket-access\",\n      \"Effect\": \"Allow\",\n      \"Action\": \"s3:GetObject\",\n      \"Resource\": \"arn:aws:s3:::awsdevcamp.com/*\",\n      \"Principal\": {\n        \"AWS\": \"arn:aws:iam::cloudfront:user/CloudFront Origin Access Identity E36UT2OZNG8D47\"\n      }\n    }\n  ]\n}",
            "override_json": null,
            "override_policy_documents": null,
            "policy_id": null,
            "source_json": null,
            "source_policy_documents": null,
            "statement": [
              {
                "actions": [
                  "s3:GetObject"
                ],
                "condition": [],
                "effect": "Allow",
                "not_actions": [],
                "not_principals": [],
                "not_resources": [],
                "principals": [
                  {
                    "identifiers": [
                      "arn:aws:iam::cloudfront:user/CloudFront Origin Access Identity E36UT2OZNG8D47"
                    ],
                    "type": "AWS"
                  }
                ],
                "resources": [
                  "arn:aws:s3:::awsdevcamp.com/*"
                ],
                "sid": "allow-s3-bucket-access"
              }
            ],
            "version": "2012-10-17"
          },
          "sensitive_attributes": []
        }
      ]
    },
    {
      "module": "module.cloudfront",
      "mode": "data",
      "type": "aws_route53_zone",
      "name": "public",
      "provider": "provider[\"registry.terraform.io/hashicorp/aws\"]",
      "instances": [
        {
          "schema_version": 0,
          "attributes": {
            "arn": "arn:aws:route53:::hostedzone/Z07390802YBCDQ4YESREF",
            "caller_reference": "terraform-20220710233357527900000001",
            "comment": "Managed by Terraform",
            "id": "Z07390802YBCDQ4YESREF",
            "linked_service_description": null,
            "linked_service_principal": null,
            "name": "awsdevcamp.com",
            "name_servers": [
              "ns-1285.awsdns-32.org",
              "ns-508.awsdns-63.com",
              "ns-1680.awsdns-18.co.uk",
              "ns-950.awsdns-54.net"
            ],
            "private_zone": false,
            "resource_record_set_count": 4,
            "tags": {},
            "vpc_id": null,
            "zone_id": "Z07390802YBCDQ4YESREF"
          },
          "sensitive_attributes": []
        }
      ]
    },
    {
      "module": "module.cloudfront",
      "mode": "managed",
      "type": "aws_acm_certificate",
      "name": "mysite",
      "provider": "provider[\"registry.terraform.io/hashicorp/aws\"]",
      "instances": [
        {
          "schema_version": 0,
          "attributes": {
            "arn": "arn:aws:acm:us-east-1:657781325590:certificate/e039ad53-edee-46b0-81fb-9cc4b0e5381d",
            "certificate_authority_arn": "",
            "certificate_body": null,
            "certificate_chain": null,
            "domain_name": "awsdevcamp.com",
            "domain_validation_options": [
              {
                "domain_name": "*.awsdevcamp.com",
                "resource_record_name": "_d221d193b270ba21ba7dd77fd4e68ea4.awsdevcamp.com.",
                "resource_record_type": "CNAME",
                "resource_record_value": "_22b6cd62c5bd6ff9abcdbf431c4a749f.tjztrygkxr.acm-validations.aws."
              },
              {
                "domain_name": "awsdevcamp.com",
                "resource_record_name": "_d221d193b270ba21ba7dd77fd4e68ea4.awsdevcamp.com.",
                "resource_record_type": "CNAME",
                "resource_record_value": "_22b6cd62c5bd6ff9abcdbf431c4a749f.tjztrygkxr.acm-validations.aws."
              }
            ],
            "id": "arn:aws:acm:us-east-1:657781325590:certificate/e039ad53-edee-46b0-81fb-9cc4b0e5381d",
            "options": [
              {
                "certificate_transparency_logging_preference": "ENABLED"
              }
            ],
            "private_key": null,
            "status": "PENDING_VALIDATION",
            "subject_alternative_names": [
              "*.awsdevcamp.com",
              "awsdevcamp.com"
            ],
            "tags": {
              "Environment": "AWS DEV CAMP"
            },
            "tags_all": {
              "Environment": "AWS DEV CAMP"
            },
            "validation_emails": [],
            "validation_method": "DNS",
            "validation_option": []
          },
          "sensitive_attributes": [],
          "private": "bnVsbA==",
          "create_before_destroy": true
        }
      ]
    },
    {
      "module": "module.cloudfront",
      "mode": "managed",
      "type": "aws_acm_certificate_validation",
      "name": "cert",
      "provider": "provider[\"registry.terraform.io/hashicorp/aws\"]",
      "instances": [
        {
          "schema_version": 0,
          "attributes": {
            "certificate_arn": "arn:aws:acm:us-east-1:657781325590:certificate/e039ad53-edee-46b0-81fb-9cc4b0e5381d",
            "id": "2022-07-15 00:47:07.931 +0000 UTC",
            "timeouts": null,
            "validation_record_fqdns": [
              "_d221d193b270ba21ba7dd77fd4e68ea4.awsdevcamp.com"
            ]
          },
          "sensitive_attributes": [],
          "private": "eyJlMmJmYjczMC1lY2FhLTExZTYtOGY4OC0zNDM2M2JjN2M0YzAiOnsiY3JlYXRlIjo0NTAwMDAwMDAwMDAwfX0=",
          "dependencies": [
            "module.cloudfront.aws_acm_certificate.mysite",
            "module.cloudfront.aws_route53_record.cert_validation",
            "module.cloudfront.data.aws_route53_zone.public"
          ]
        }
      ]
    },
    {
      "module": "module.cloudfront",
      "mode": "managed",
      "type": "aws_cloudfront_distribution",
      "name": "my_cloudfront",
      "provider": "provider[\"registry.terraform.io/hashicorp/aws\"]",
      "instances": [
        {
          "schema_version": 1,
          "attributes": {
            "aliases": [
              "awsdevcamp.com"
            ],
            "arn": "arn:aws:cloudfront::657781325590:distribution/E1R5AI4QS7FU55",
            "caller_reference": "terraform-20220715004702097900000003",
            "comment": null,
            "custom_error_response": [],
            "default_cache_behavior": [
              {
                "allowed_methods": [
                  "DELETE",
                  "GET",
                  "HEAD",
                  "OPTIONS",
                  "PATCH",
                  "POST",
                  "PUT"
                ],
                "cache_policy_id": "",
                "cached_methods": [
                  "GET",
                  "HEAD"
                ],
                "compress": false,
                "default_ttl": 3600,
                "field_level_encryption_id": "",
                "forwarded_values": [
                  {
                    "cookies": [
                      {
                        "forward": "none",
                        "whitelisted_names": []
                      }
                    ],
                    "headers": [],
                    "query_string": false,
                    "query_string_cache_keys": []
                  }
                ],
                "function_association": [],
                "lambda_function_association": [],
                "max_ttl": 86400,
                "min_ttl": 0,
                "origin_request_policy_id": "",
                "realtime_log_config_arn": "",
                "response_headers_policy_id": "",
                "smooth_streaming": false,
                "target_origin_id": "s3-cloudfront",
                "trusted_key_groups": [],
                "trusted_signers": [],
                "viewer_protocol_policy": "redirect-to-https"
              }
            ],
            "default_root_object": "index.html",
            "domain_name": "d102h1lyfpqjot.cloudfront.net",
            "enabled": true,
            "etag": "E16HHSG268MN7",
            "hosted_zone_id": "Z2FDTNDATAQYW2",
            "http_version": "http2",
            "id": "E1R5AI4QS7FU55",
            "in_progress_validation_batches": 0,
            "is_ipv6_enabled": true,
            "last_modified_time": "2022-07-15 00:47:08.235 +0000 UTC",
            "logging_config": [],
            "ordered_cache_behavior": [],
            "origin": [
              {
                "connection_attempts": 3,
                "connection_timeout": 10,
                "custom_header": [],
                "custom_origin_config": [],
                "domain_name": "awsdevcamp.com.s3.amazonaws.com",
                "origin_id": "s3-cloudfront",
                "origin_path": "",
                "origin_shield": [],
                "s3_origin_config": [
                  {
                    "origin_access_identity": "origin-access-identity/cloudfront/E36UT2OZNG8D47"
                  }
                ]
              }
            ],
            "origin_group": [],
            "price_class": "PriceClass_200",
            "restrictions": [
              {
                "geo_restriction": [
                  {
                    "locations": [],
                    "restriction_type": "none"
                  }
                ]
              }
            ],
            "retain_on_delete": false,
            "status": "Deployed",
            "tags": {
              "Environment": "AWS DEV CAMP"
            },
            "tags_all": {
              "Environment": "AWS DEV CAMP"
            },
            "trusted_key_groups": [
              {
                "enabled": false,
                "items": []
              }
            ],
            "trusted_signers": [
              {
                "enabled": false,
                "items": []
              }
            ],
            "viewer_certificate": [
              {
                "acm_certificate_arn": "arn:aws:acm:us-east-1:657781325590:certificate/e039ad53-edee-46b0-81fb-9cc4b0e5381d",
                "cloudfront_default_certificate": false,
                "iam_certificate_id": "",
                "minimum_protocol_version": "TLSv1",
                "ssl_support_method": "sni-only"
              }
            ],
            "wait_for_deployment": true,
            "web_acl_id": ""
          },
          "sensitive_attributes": [],
          "private": "eyJzY2hlbWFfdmVyc2lvbiI6IjEifQ==",
          "dependencies": [
            "module.cloudfront.aws_acm_certificate.mysite",
            "module.cloudfront.aws_cloudfront_origin_access_identity.origin_access_identity",
            "module.cloudfront.aws_s3_bucket.my_site_bucket"
          ]
        }
      ]
    },
    {
      "module": "module.cloudfront",
      "mode": "managed",
      "type": "aws_cloudfront_origin_access_identity",
      "name": "origin_access_identity",
      "provider": "provider[\"registry.terraform.io/hashicorp/aws\"]",
      "instances": [
        {
          "schema_version": 0,
          "attributes": {
            "caller_reference": "terraform-20220715004652706100000001",
            "cloudfront_access_identity_path": "origin-access-identity/cloudfront/E36UT2OZNG8D47",
            "comment": "access-identity-awsdevcamp.com.s3.amazonaws.com",
            "etag": "E1MC903STYNK4L",
            "iam_arn": "arn:aws:iam::cloudfront:user/CloudFront Origin Access Identity E36UT2OZNG8D47",
            "id": "E36UT2OZNG8D47",
            "s3_canonical_user_id": "8f947b3139298facd87f102d6a4703bf3fb8c4a232ae691ad149653d46ee1d25efdfcde523b9d53affa18a076ae65ebc"
          },
          "sensitive_attributes": [],
          "private": "bnVsbA=="
        }
      ]
    },
    {
      "module": "module.cloudfront",
      "mode": "managed",
      "type": "aws_route53_record",
      "name": "cert_validation",
      "provider": "provider[\"registry.terraform.io/hashicorp/aws\"]",
      "instances": [
        {
          "schema_version": 2,
          "attributes": {
            "alias": [],
            "allow_overwrite": true,
            "failover_routing_policy": [],
            "fqdn": "_d221d193b270ba21ba7dd77fd4e68ea4.awsdevcamp.com",
            "geolocation_routing_policy": [],
            "health_check_id": null,
            "id": "Z07390802YBCDQ4YESREF__d221d193b270ba21ba7dd77fd4e68ea4.awsdevcamp.com._CNAME",
            "latency_routing_policy": [],
            "multivalue_answer_routing_policy": null,
            "name": "_d221d193b270ba21ba7dd77fd4e68ea4.awsdevcamp.com",
            "records": [
              "_22b6cd62c5bd6ff9abcdbf431c4a749f.tjztrygkxr.acm-validations.aws."
            ],
            "set_identifier": null,
            "ttl": 60,
            "type": "CNAME",
            "weighted_routing_policy": [],
            "zone_id": "Z07390802YBCDQ4YESREF"
          },
          "sensitive_attributes": [],
          "private": "eyJzY2hlbWFfdmVyc2lvbiI6IjIifQ==",
          "dependencies": [
            "module.cloudfront.aws_acm_certificate.mysite",
            "module.cloudfront.data.aws_route53_zone.public"
          ]
        }
      ]
    },
    {
      "module": "module.cloudfront",
      "mode": "managed",
      "type": "aws_route53_record",
      "name": "web",
      "provider": "provider[\"registry.terraform.io/hashicorp/aws\"]",
      "instances": [
        {
          "schema_version": 2,
          "attributes": {
            "alias": [
              {
                "evaluate_target_health": false,
                "name": "d102h1lyfpqjot.cloudfront.net",
                "zone_id": "Z2FDTNDATAQYW2"
              }
            ],
            "allow_overwrite": null,
            "failover_routing_policy": [],
            "fqdn": "awsdevcamp.com",
            "geolocation_routing_policy": [],
            "health_check_id": null,
            "id": "Z07390802YBCDQ4YESREF_awsdevcamp.com_A",
            "latency_routing_policy": [],
            "multivalue_answer_routing_policy": null,
            "name": "awsdevcamp.com",
            "records": null,
            "set_identifier": null,
            "ttl": null,
            "type": "A",
            "weighted_routing_policy": [],
            "zone_id": "Z07390802YBCDQ4YESREF"
          },
          "sensitive_attributes": [],
          "private": "eyJzY2hlbWFfdmVyc2lvbiI6IjIifQ==",
          "dependencies": [
            "module.cloudfront.aws_acm_certificate.mysite",
            "module.cloudfront.aws_cloudfront_distribution.my_cloudfront",
            "module.cloudfront.aws_cloudfront_origin_access_identity.origin_access_identity",
            "module.cloudfront.aws_s3_bucket.my_site_bucket",
            "module.cloudfront.data.aws_route53_zone.public"
          ]
        }
      ]
    },
    {
      "module": "module.cloudfront",
      "mode": "managed",
      "type": "aws_s3_bucket",
      "name": "my_site_bucket",
      "provider": "provider[\"registry.terraform.io/hashicorp/aws\"]",
      "instances": [
        {
          "schema_version": 0,
          "attributes": {
            "acceleration_status": "",
            "acl": null,
            "arn": "arn:aws:s3:::awsdevcamp.com",
            "bucket": "awsdevcamp.com",
            "bucket_domain_name": "awsdevcamp.com.s3.amazonaws.com",
            "bucket_prefix": null,
            "bucket_regional_domain_name": "awsdevcamp.com.s3.amazonaws.com",
            "cors_rule": [],
            "force_destroy": true,
            "grant": [
              {
                "id": "a61cfb6f9670d2ae28230653c5b2b3c765c02575e4b5bdb5730272c69b8a7b65",
                "permissions": [
                  "FULL_CONTROL"
                ],
                "type": "CanonicalUser",
                "uri": ""
              }
            ],
            "hosted_zone_id": "Z3AQBSTGFYJSTF",
            "id": "awsdevcamp.com",
            "lifecycle_rule": [],
            "logging": [],
            "object_lock_configuration": [],
            "object_lock_enabled": false,
            "policy": "",
            "region": "us-east-1",
            "replication_configuration": [],
            "request_payer": "BucketOwner",
            "server_side_encryption_configuration": [],
            "tags": {
              "Environment": "AWS DEV CAMP"
            },
            "tags_all": {
              "Environment": "AWS DEV CAMP"
            },
            "versioning": [
              {
                "enabled": false,
                "mfa_delete": false
              }
            ],
            "website": [],
            "website_domain": null,
            "website_endpoint": null
          },
          "sensitive_attributes": [],
          "private": "bnVsbA=="
        }
      ]
    },
    {
      "module": "module.cloudfront",
      "mode": "managed",
      "type": "aws_s3_bucket_acl",
      "name": "example",
      "provider": "provider[\"registry.terraform.io/hashicorp/aws\"]",
      "instances": [
        {
          "schema_version": 0,
          "attributes": {
            "access_control_policy": [
              {
                "grant": [
                  {
                    "grantee": [
                      {
                        "display_name": "aws",
                        "email_address": "",
                        "id": "a61cfb6f9670d2ae28230653c5b2b3c765c02575e4b5bdb5730272c69b8a7b65",
                        "type": "CanonicalUser",
                        "uri": ""
                      }
                    ],
                    "permission": "FULL_CONTROL"
                  }
                ],
                "owner": [
                  {
                    "display_name": "aws",
                    "id": "a61cfb6f9670d2ae28230653c5b2b3c765c02575e4b5bdb5730272c69b8a7b65"
                  }
                ]
              }
            ],
            "acl": "private",
            "bucket": "awsdevcamp.com",
            "expected_bucket_owner": "",
            "id": "awsdevcamp.com,private"
          },
          "sensitive_attributes": [],
          "private": "bnVsbA==",
          "dependencies": [
            "module.cloudfront.aws_s3_bucket.my_site_bucket"
          ]
        }
      ]
    },
    {
      "module": "module.cloudfront",
      "mode": "managed",
      "type": "aws_s3_bucket_policy",
      "name": "web",
      "provider": "provider[\"registry.terraform.io/hashicorp/aws\"]",
      "instances": [
        {
          "schema_version": 0,
          "attributes": {
            "bucket": "awsdevcamp.com",
            "id": "awsdevcamp.com",
            "policy": "{\n  \"Version\": \"2012-10-17\",\n  \"Statement\": [\n    {\n      \"Sid\": \"allow-s3-bucket-access\",\n      \"Effect\": \"Allow\",\n      \"Action\": \"s3:GetObject\",\n      \"Resource\": \"arn:aws:s3:::awsdevcamp.com/*\",\n      \"Principal\": {\n        \"AWS\": \"arn:aws:iam::cloudfront:user/CloudFront Origin Access Identity E36UT2OZNG8D47\"\n      }\n    }\n  ]\n}"
          },
          "sensitive_attributes": [],
          "private": "bnVsbA==",
          "dependencies": [
            "module.cloudfront.aws_cloudfront_origin_access_identity.origin_access_identity",
            "module.cloudfront.aws_s3_bucket.my_site_bucket",
            "module.cloudfront.data.aws_iam_policy_document.s3_policy"
          ]
        }
      ]
    },
    {
      "module": "module.cloudfront",
      "mode": "managed",
      "type": "aws_s3_bucket_public_access_block",
      "name": "example",
      "provider": "provider[\"registry.terraform.io/hashicorp/aws\"]",
      "instances": [
        {
          "schema_version": 0,
          "attributes": {
            "block_public_acls": true,
            "block_public_policy": true,
            "bucket": "awsdevcamp.com",
            "id": "awsdevcamp.com",
            "ignore_public_acls": true,
            "restrict_public_buckets": true
          },
          "sensitive_attributes": [],
          "private": "bnVsbA==",
          "dependencies": [
            "module.cloudfront.aws_s3_bucket.my_site_bucket"
          ]
        }
      ]
    }
  ]
}
